
Microsoft Visual Studio Solution File, Format Version 12.00
# Visual Studio Version 17
VisualStudioVersion = 17.0.31903.59
MinimumVisualStudioVersion = 10.0.40219.1
Project("{2150E333-8FDC-42A3-9474-1A3956D46DE8}") = "src", "src", "{F7E59E4C-1700-4B27-920A-44C08B62AE4F}"
EndProject
Project("{FAE04EC0-301F-11D3-BF4B-00C04F79EFBC}") = "Shared.Contracts", "src\Shared.Contracts\Shared.Contracts.csproj", "{9CE6FB36-5A14-42CC-9268-1B5E10E36B16}"
EndProject
Project("{FAE04EC0-301F-11D3-BF4B-00C04F79EFBC}") = "Shared.Utils", "src\Shared.Utils\Shared.Utils.csproj", "{EE2743B7-05AB-480C-A5AC-D653E3DBD87A}"
EndProject
Project("{FAE04EC0-301F-11D3-BF4B-00C04F79EFBC}") = "Tenants.Identity", "src\Tenants.Identity\Tenants.Identity.csproj", "{89F2667D-A344-416E-845A-99DD07FB363B}"
EndProject
Project("{2150E333-8FDC-42A3-9474-1A3956D46DE8}") = "tests", "tests", "{5D9FC6C8-96BF-4F01-99E6-9A57A11BCDB8}"
EndProject
Project("{FAE04EC0-301F-11D3-BF4B-00C04F79EFBC}") = "Tenants.Identity.Tests", "tests\Tenants.Identity.Tests\Tenants.Identity.Tests.csproj", "{FBE309D7-AEE5-4CF6-8DEE-1BF49A39B867}"
EndProject
Project("{FAE04EC0-301F-11D3-BF4B-00C04F79EFBC}") = "Pki.Core", "src\Pki.Core\Pki.Core.csproj", "{D6ACD853-8E7E-490F-9E1E-F8D00ACCB305}"
EndProject
Project("{FAE04EC0-301F-11D3-BF4B-00C04F79EFBC}") = "Pki.Core.Tests", "tests\Pki.Core.Tests\Pki.Core.Tests.csproj", "{DB262215-274B-493D-8C6C-3BD76D646C2E}"
EndProject
Project("{FAE04EC0-301F-11D3-BF4B-00C04F79EFBC}") = "Domain.Validation", "src\Domain.Validation\Domain.Validation.csproj", "{4261FD0A-AEE7-4452-9794-B31375C8BCFB}"
EndProject
Project("{FAE04EC0-301F-11D3-BF4B-00C04F79EFBC}") = "Domain.Validation.Tests", "tests\Domain.Validation.Tests\Domain.Validation.Tests.csproj", "{3DDBA8FD-E943-4ED9-BC4D-629C0B38C4B5}"
EndProject
Project("{FAE04EC0-301F-11D3-BF4B-00C04F79EFBC}") = "Certificates.Lifecycle", "src\Certificates.Lifecycle\Certificates.Lifecycle.csproj", "{E8B66CCC-BA33-4FC3-8695-0174F2F24C90}"
EndProject
Project("{FAE04EC0-301F-11D3-BF4B-00C04F79EFBC}") = "Certificates.Lifecycle.Tests", "tests\Certificates.Lifecycle.Tests\Certificates.Lifecycle.Tests.csproj", "{7ED4E402-460A-4697-8953-28FEB171C802}"
EndProject
Project("{FAE04EC0-301F-11D3-BF4B-00C04F79EFBC}") = "Crl.Publish", "src\Crl.Publish\Crl.Publish.csproj", "{991A32BC-549D-4E12-9A93-B90E0F6D259C}"
EndProject
Project("{FAE04EC0-301F-11D3-BF4B-00C04F79EFBC}") = "Crl.Publish.Tests", "tests\Crl.Publish.Tests\Crl.Publish.Tests.csproj", "{C158DE57-6CA1-447D-8BE5-164A0B133BC0}"
EndProject
Project("{FAE04EC0-301F-11D3-BF4B-00C04F79EFBC}") = "Admin.Pki", "src\Admin.Pki\Admin.Pki.csproj", "{6BFB8EC6-C50E-45CF-8B64-2D5ED53AD83D}"
EndProject
Project("{FAE04EC0-301F-11D3-BF4B-00C04F79EFBC}") = "Admin.Pki.Tests", "tests\Admin.Pki.Tests\Admin.Pki.Tests.csproj", "{CB74C479-EA52-4E3E-87E1-34A351A9B81F}"
EndProject
Project("{FAE04EC0-301F-11D3-BF4B-00C04F79EFBC}") = "Audit.Events", "src\Audit.Events\Audit.Events.csproj", "{FEBDE30B-A052-4EE2-B4CE-1760BAF873F7}"
EndProject
Project("{FAE04EC0-301F-11D3-BF4B-00C04F79EFBC}") = "Audit.Events.Tests", "tests\Audit.Events.Tests\Audit.Events.Tests.csproj", "{856959C0-94CE-4417-B5C5-A04A27ACCF13}"
EndProject
Global
	GlobalSection(SolutionConfigurationPlatforms) = preSolution
		Debug|Any CPU = Debug|Any CPU
		Release|Any CPU = Release|Any CPU
	EndGlobalSection
	GlobalSection(SolutionProperties) = preSolution
		HideSolutionNode = FALSE
	EndGlobalSection
	GlobalSection(ProjectConfigurationPlatforms) = postSolution
		{9CE6FB36-5A14-42CC-9268-1B5E10E36B16}.Debug|Any CPU.ActiveCfg = Debug|Any CPU
		{9CE6FB36-5A14-42CC-9268-1B5E10E36B16}.Debug|Any CPU.Build.0 = Debug|Any CPU
		{9CE6FB36-5A14-42CC-9268-1B5E10E36B16}.Release|Any CPU.ActiveCfg = Release|Any CPU
		{9CE6FB36-5A14-42CC-9268-1B5E10E36B16}.Release|Any CPU.Build.0 = Release|Any CPU
		{EE2743B7-05AB-480C-A5AC-D653E3DBD87A}.Debug|Any CPU.ActiveCfg = Debug|Any CPU
		{EE2743B7-05AB-480C-A5AC-D653E3DBD87A}.Debug|Any CPU.Build.0 = Debug|Any CPU
		{EE2743B7-05AB-480C-A5AC-D653E3DBD87A}.Release|Any CPU.ActiveCfg = Release|Any CPU
		{EE2743B7-05AB-480C-A5AC-D653E3DBD87A}.Release|Any CPU.Build.0 = Release|Any CPU
		{89F2667D-A344-416E-845A-99DD07FB363B}.Debug|Any CPU.ActiveCfg = Debug|Any CPU
		{89F2667D-A344-416E-845A-99DD07FB363B}.Debug|Any CPU.Build.0 = Debug|Any CPU
		{89F2667D-A344-416E-845A-99DD07FB363B}.Release|Any CPU.ActiveCfg = Release|Any CPU
		{89F2667D-A344-416E-845A-99DD07FB363B}.Release|Any CPU.Build.0 = Release|Any CPU
		{FBE309D7-AEE5-4CF6-8DEE-1BF49A39B867}.Debug|Any CPU.ActiveCfg = Debug|Any CPU
		{FBE309D7-AEE5-4CF6-8DEE-1BF49A39B867}.Debug|Any CPU.Build.0 = Debug|Any CPU
		{FBE309D7-AEE5-4CF6-8DEE-1BF49A39B867}.Release|Any CPU.ActiveCfg = Release|Any CPU
		{FBE309D7-AEE5-4CF6-8DEE-1BF49A39B867}.Release|Any CPU.Build.0 = Release|Any CPU
		{D6ACD853-8E7E-490F-9E1E-F8D00ACCB305}.Debug|Any CPU.ActiveCfg = Debug|Any CPU
		{D6ACD853-8E7E-490F-9E1E-F8D00ACCB305}.Debug|Any CPU.Build.0 = Debug|Any CPU
		{D6ACD853-8E7E-490F-9E1E-F8D00ACCB305}.Release|Any CPU.ActiveCfg = Release|Any CPU
		{D6ACD853-8E7E-490F-9E1E-F8D00ACCB305}.Release|Any CPU.Build.0 = Release|Any CPU
		{DB262215-274B-493D-8C6C-3BD76D646C2E}.Debug|Any CPU.ActiveCfg = Debug|Any CPU
		{DB262215-274B-493D-8C6C-3BD76D646C2E}.Debug|Any CPU.Build.0 = Debug|Any CPU
		{DB262215-274B-493D-8C6C-3BD76D646C2E}.Release|Any CPU.ActiveCfg = Release|Any CPU
		{DB262215-274B-493D-8C6C-3BD76D646C2E}.Release|Any CPU.Build.0 = Release|Any CPU
		{4261FD0A-AEE7-4452-9794-B31375C8BCFB}.Debug|Any CPU.ActiveCfg = Debug|Any CPU
		{4261FD0A-AEE7-4452-9794-B31375C8BCFB}.Debug|Any CPU.Build.0 = Debug|Any CPU
		{4261FD0A-AEE7-4452-9794-B31375C8BCFB}.Release|Any CPU.ActiveCfg = Release|Any CPU
		{4261FD0A-AEE7-4452-9794-B31375C8BCFB}.Release|Any CPU.Build.0 = Release|Any CPU
		{3DDBA8FD-E943-4ED9-BC4D-629C0B38C4B5}.Debug|Any CPU.ActiveCfg = Debug|Any CPU
		{3DDBA8FD-E943-4ED9-BC4D-629C0B38C4B5}.Debug|Any CPU.Build.0 = Debug|Any CPU
		{3DDBA8FD-E943-4ED9-BC4D-629C0B38C4B5}.Release|Any CPU.ActiveCfg = Release|Any CPU
		{3DDBA8FD-E943-4ED9-BC4D-629C0B38C4B5}.Release|Any CPU.Build.0 = Release|Any CPU
		{E8B66CCC-BA33-4FC3-8695-0174F2F24C90}.Debug|Any CPU.ActiveCfg = Debug|Any CPU
		{E8B66CCC-BA33-4FC3-8695-0174F2F24C90}.Debug|Any CPU.Build.0 = Debug|Any CPU
		{E8B66CCC-BA33-4FC3-8695-0174F2F24C90}.Release|Any CPU.ActiveCfg = Release|Any CPU
		{E8B66CCC-BA33-4FC3-8695-0174F2F24C90}.Release|Any CPU.Build.0 = Release|Any CPU
		{7ED4E402-460A-4697-8953-28FEB171C802}.Debug|Any CPU.ActiveCfg = Debug|Any CPU
		{7ED4E402-460A-4697-8953-28FEB171C802}.Debug|Any CPU.Build.0 = Debug|Any CPU
		{7ED4E402-460A-4697-8953-28FEB171C802}.Release|Any CPU.ActiveCfg = Release|Any CPU
		{7ED4E402-460A-4697-8953-28FEB171C802}.Release|Any CPU.Build.0 = Release|Any CPU
		{991A32BC-549D-4E12-9A93-B90E0F6D259C}.Debug|Any CPU.ActiveCfg = Debug|Any CPU
		{991A32BC-549D-4E12-9A93-B90E0F6D259C}.Debug|Any CPU.Build.0 = Debug|Any CPU
		{991A32BC-549D-4E12-9A93-B90E0F6D259C}.Release|Any CPU.ActiveCfg = Release|Any CPU
		{991A32BC-549D-4E12-9A93-B90E0F6D259C}.Release|Any CPU.Build.0 = Release|Any CPU
		{C158DE57-6CA1-447D-8BE5-164A0B133BC0}.Debug|Any CPU.ActiveCfg = Debug|Any CPU
		{C158DE57-6CA1-447D-8BE5-164A0B133BC0}.Debug|Any CPU.Build.0 = Debug|Any CPU
		{C158DE57-6CA1-447D-8BE5-164A0B133BC0}.Release|Any CPU.ActiveCfg = Release|Any CPU
		{C158DE57-6CA1-447D-8BE5-164A0B133BC0}.Release|Any CPU.Build.0 = Release|Any CPU
		{6BFB8EC6-C50E-45CF-8B64-2D5ED53AD83D}.Debug|Any CPU.ActiveCfg = Debug|Any CPU
		{6BFB8EC6-C50E-45CF-8B64-2D5ED53AD83D}.Debug|Any CPU.Build.0 = Debug|Any CPU
		{6BFB8EC6-C50E-45CF-8B64-2D5ED53AD83D}.Release|Any CPU.ActiveCfg = Release|Any CPU
		{6BFB8EC6-C50E-45CF-8B64-2D5ED53AD83D}.Release|Any CPU.Build.0 = Release|Any CPU
		{CB74C479-EA52-4E3E-87E1-34A351A9B81F}.Debug|Any CPU.ActiveCfg = Debug|Any CPU
		{CB74C479-EA52-4E3E-87E1-34A351A9B81F}.Debug|Any CPU.Build.0 = Debug|Any CPU
		{CB74C479-EA52-4E3E-87E1-34A351A9B81F}.Release|Any CPU.ActiveCfg = Release|Any CPU
		{CB74C479-EA52-4E3E-87E1-34A351A9B81F}.Release|Any CPU.Build.0 = Release|Any CPU
		{FEBDE30B-A052-4EE2-B4CE-1760BAF873F7}.Debug|Any CPU.ActiveCfg = Debug|Any CPU
		{FEBDE30B-A052-4EE2-B4CE-1760BAF873F7}.Debug|Any CPU.Build.0 = Debug|Any CPU
		{FEBDE30B-A052-4EE2-B4CE-1760BAF873F7}.Release|Any CPU.ActiveCfg = Release|Any CPU
		{FEBDE30B-A052-4EE2-B4CE-1760BAF873F7}.Release|Any CPU.Build.0 = Release|Any CPU
		{856959C0-94CE-4417-B5C5-A04A27ACCF13}.Debug|Any CPU.ActiveCfg = Debug|Any CPU
		{856959C0-94CE-4417-B5C5-A04A27ACCF13}.Debug|Any CPU.Build.0 = Debug|Any CPU
		{856959C0-94CE-4417-B5C5-A04A27ACCF13}.Release|Any CPU.ActiveCfg = Release|Any CPU
		{856959C0-94CE-4417-B5C5-A04A27ACCF13}.Release|Any CPU.Build.0 = Release|Any CPU
	EndGlobalSection
	GlobalSection(NestedProjects) = preSolution
		{9CE6FB36-5A14-42CC-9268-1B5E10E36B16} = {F7E59E4C-1700-4B27-920A-44C08B62AE4F}
		{EE2743B7-05AB-480C-A5AC-D653E3DBD87A} = {F7E59E4C-1700-4B27-920A-44C08B62AE4F}
		{89F2667D-A344-416E-845A-99DD07FB363B} = {F7E59E4C-1700-4B27-920A-44C08B62AE4F}
		{FBE309D7-AEE5-4CF6-8DEE-1BF49A39B867} = {5D9FC6C8-96BF-4F01-99E6-9A57A11BCDB8}
		{D6ACD853-8E7E-490F-9E1E-F8D00ACCB305} = {F7E59E4C-1700-4B27-920A-44C08B62AE4F}
		{DB262215-274B-493D-8C6C-3BD76D646C2E} = {5D9FC6C8-96BF-4F01-99E6-9A57A11BCDB8}
		{4261FD0A-AEE7-4452-9794-B31375C8BCFB} = {F7E59E4C-1700-4B27-920A-44C08B62AE4F}
		{3DDBA8FD-E943-4ED9-BC4D-629C0B38C4B5} = {5D9FC6C8-96BF-4F01-99E6-9A57A11BCDB8}
		{E8B66CCC-BA33-4FC3-8695-0174F2F24C90} = {F7E59E4C-1700-4B27-920A-44C08B62AE4F}
		{7ED4E402-460A-4697-8953-28FEB171C802} = {5D9FC6C8-96BF-4F01-99E6-9A57A11BCDB8}
		{991A32BC-549D-4E12-9A93-B90E0F6D259C} = {F7E59E4C-1700-4B27-920A-44C08B62AE4F}
		{C158DE57-6CA1-447D-8BE5-164A0B133BC0} = {5D9FC6C8-96BF-4F01-99E6-9A57A11BCDB8}
		{6BFB8EC6-C50E-45CF-8B64-2D5ED53AD83D} = {F7E59E4C-1700-4B27-920A-44C08B62AE4F}
		{CB74C479-EA52-4E3E-87E1-34A351A9B81F} = {5D9FC6C8-96BF-4F01-99E6-9A57A11BCDB8}
		{FEBDE30B-A052-4EE2-B4CE-1760BAF873F7} = {F7E59E4C-1700-4B27-920A-44C08B62AE4F}
		{856959C0-94CE-4417-B5C5-A04A27ACCF13} = {5D9FC6C8-96BF-4F01-99E6-9A57A11BCDB8}
	EndGlobalSection
EndGlobal
