
Microsoft Visual Studio Solution File, Format Version 12.00
# Visual Studio Version 17
VisualStudioVersion = 17.0.31903.59
MinimumVisualStudioVersion = 10.0.40219.1
Project("{2150E333-8FDC-42A3-9474-1A3956D46DE8}") = "src", "src", "{F7E59E4C-1700-4B27-920A-44C08B62AE4F}"
EndProject
Project("{2150E333-8FDC-42A3-9474-1A3956D46DE8}") = "tests", "tests", "{5D9FC6C8-96BF-4F01-99E6-9A57A11BCDB8}"
EndProject
Project("{FAE04EC0-301F-11D3-BF4B-00C04F79EFBC}") = "Admin.Pki", "src\Admin.Pki\Admin.Pki.csproj", "{6BFB8EC6-C50E-45CF-8B64-2D5ED53AD83D}"
EndProject
Global
	GlobalSection(SolutionConfigurationPlatforms) = preSolution
		Debug|Any CPU = Debug|Any CPU
		Release|Any CPU = Release|Any CPU
	EndGlobalSection
	GlobalSection(ProjectConfigurationPlatforms) = postSolution
		{6BFB8EC6-C50E-45CF-8B64-2D5ED53AD83D}.Debug|Any CPU.ActiveCfg = Debug|Any CPU
		{6BFB8EC6-C50E-45CF-8B64-2D5ED53AD83D}.Debug|Any CPU.Build.0 = Debug|Any CPU
		{6BFB8EC6-C50E-45CF-8B64-2D5ED53AD83D}.Release|Any CPU.ActiveCfg = Release|Any CPU
		{6BFB8EC6-C50E-45CF-8B64-2D5ED53AD83D}.Release|Any CPU.Build.0 = Release|Any CPU
	EndGlobalSection
	GlobalSection(SolutionProperties) = preSolution
		HideSolutionNode = FALSE
	EndGlobalSection
	GlobalSection(NestedProjects) = preSolution
		{6BFB8EC6-C50E-45CF-8B64-2D5ED53AD83D} = {F7E59E4C-1700-4B27-920A-44C08B62AE4F}
	EndGlobalSection
EndGlobal
